
Microsoft Visual Studio Solution File, Format Version 12.00
# Visual Studio Version 17
VisualStudioVersion = 17.8.34330.188
MinimumVisualStudioVersion = 10.0.40219.1
Project("{FAE04EC0-301F-11D3-BF4B-00C04F79EFBC}") = "ConsoleHello", "ConsoleApp4\ConsoleHello.csproj", "{A307E10F-4C5C-4072-A836-44DEDF7661C0}"
EndProject
Global
	GlobalSection(SolutionConfigurationPlatforms) = preSolution
		Debug|Any CPU = Debug|Any CPU
		Release|Any CPU = Release|Any CPU
	EndGlobalSection
	GlobalSection(ProjectConfigurationPlatforms) = postSolution
		{A307E10F-4C5C-4072-A836-44DEDF7661C0}.Debug|Any CPU.ActiveCfg = Debug|Any CPU
		{A307E10F-4C5C-4072-A836-44DEDF7661C0}.Debug|Any CPU.Build.0 = Debug|Any CPU
		{A307E10F-4C5C-4072-A836-44DEDF7661C0}.Release|Any CPU.ActiveCfg = Release|Any CPU
		{A307E10F-4C5C-4072-A836-44DEDF7661C0}.Release|Any CPU.Build.0 = Release|Any CPU
	EndGlobalSection
	GlobalSection(SolutionProperties) = preSolution
		HideSolutionNode = FALSE
	EndGlobalSection
	GlobalSection(ExtensibilityGlobals) = postSolution
		SolutionGuid = {D55493AC-9DB1-48B1-BD6C-1AF9D2C2E72F}
	EndGlobalSection
EndGlobal
